
Microsoft Visual Studio Solution File, Format Version 12.00
# Visual Studio Version 17
VisualStudioVersion = 17.3.32929.385
MinimumVisualStudioVersion = 10.0.40219.1
Project("{2150E333-8FDC-42A3-9474-1A3956D46DE8}") = "src", "src", "{4C8C74AB-51F3-468C-B2BB-C0622780C363}"
EndProject
Project("{2150E333-8FDC-42A3-9474-1A3956D46DE8}") = "tests", "tests", "{5C964A46-B963-4044-AA70-3F17E7C6C201}"
EndProject
Project("{FAE04EC0-301F-11D3-BF4B-00C04F79EFBC}") = "bmt.contact.domain", "bmt.contact.domain\bmt.contact.domain.csproj", "{02750E06-1B1E-47F4-A7BF-480F9C95A28E}"
EndProject
Project("{FAE04EC0-301F-11D3-BF4B-00C04F79EFBC}") = "bmt.contact.infrastructure", "bmt.contact.infrastructure\bmt.contact.infrastructure.csproj", "{8D6CF4A6-2A7E-4EF9-8427-E62AC89FB15F}"
EndProject
Project("{FAE04EC0-301F-11D3-BF4B-00C04F79EFBC}") = "bmt.contact.application", "bmt.contact.application\bmt.contact.application.csproj", "{84D75373-7822-4B2D-9261-129A1EE0E54B}"
EndProject
Project("{FAE04EC0-301F-11D3-BF4B-00C04F79EFBC}") = "bmt.contact.api", "bmt.contact.api\bmt.contact.api.csproj", "{9DEFBA9F-48D9-4ACD-9AD9-132EAE6C85FE}"
EndProject
Project("{2150E333-8FDC-42A3-9474-1A3956D46DE8}") = "Shared", "Shared", "{1DC7588C-7C34-4BE2-BE0F-E6490FD849FE}"
EndProject
Project("{2150E333-8FDC-42A3-9474-1A3956D46DE8}") = "Solution Items", "Solution Items", "{58DC02AB-171D-4D04-83BB-4DD0BE637811}"
	ProjectSection(SolutionItems) = preProject
		.editorconfig = .editorconfig
	EndProjectSection
EndProject
Project("{FAE04EC0-301F-11D3-BF4B-00C04F79EFBC}") = "bmt.shared.abstractions", "bmt.shared.abstractions\bmt.shared.abstractions.csproj", "{7EDB6E22-ED3C-42E7-802C-24961C09328B}"
EndProject
Global
	GlobalSection(SolutionConfigurationPlatforms) = preSolution
		Debug|Any CPU = Debug|Any CPU
		Release|Any CPU = Release|Any CPU
	EndGlobalSection
	GlobalSection(ProjectConfigurationPlatforms) = postSolution
		{02750E06-1B1E-47F4-A7BF-480F9C95A28E}.Debug|Any CPU.ActiveCfg = Debug|Any CPU
		{02750E06-1B1E-47F4-A7BF-480F9C95A28E}.Debug|Any CPU.Build.0 = Debug|Any CPU
		{02750E06-1B1E-47F4-A7BF-480F9C95A28E}.Release|Any CPU.ActiveCfg = Release|Any CPU
		{02750E06-1B1E-47F4-A7BF-480F9C95A28E}.Release|Any CPU.Build.0 = Release|Any CPU
		{8D6CF4A6-2A7E-4EF9-8427-E62AC89FB15F}.Debug|Any CPU.ActiveCfg = Debug|Any CPU
		{8D6CF4A6-2A7E-4EF9-8427-E62AC89FB15F}.Debug|Any CPU.Build.0 = Debug|Any CPU
		{8D6CF4A6-2A7E-4EF9-8427-E62AC89FB15F}.Release|Any CPU.ActiveCfg = Release|Any CPU
		{8D6CF4A6-2A7E-4EF9-8427-E62AC89FB15F}.Release|Any CPU.Build.0 = Release|Any CPU
		{84D75373-7822-4B2D-9261-129A1EE0E54B}.Debug|Any CPU.ActiveCfg = Debug|Any CPU
		{84D75373-7822-4B2D-9261-129A1EE0E54B}.Debug|Any CPU.Build.0 = Debug|Any CPU
		{84D75373-7822-4B2D-9261-129A1EE0E54B}.Release|Any CPU.ActiveCfg = Release|Any CPU
		{84D75373-7822-4B2D-9261-129A1EE0E54B}.Release|Any CPU.Build.0 = Release|Any CPU
		{9DEFBA9F-48D9-4ACD-9AD9-132EAE6C85FE}.Debug|Any CPU.ActiveCfg = Debug|Any CPU
		{9DEFBA9F-48D9-4ACD-9AD9-132EAE6C85FE}.Debug|Any CPU.Build.0 = Debug|Any CPU
		{9DEFBA9F-48D9-4ACD-9AD9-132EAE6C85FE}.Release|Any CPU.ActiveCfg = Release|Any CPU
		{9DEFBA9F-48D9-4ACD-9AD9-132EAE6C85FE}.Release|Any CPU.Build.0 = Release|Any CPU
		{7EDB6E22-ED3C-42E7-802C-24961C09328B}.Debug|Any CPU.ActiveCfg = Debug|Any CPU
		{7EDB6E22-ED3C-42E7-802C-24961C09328B}.Debug|Any CPU.Build.0 = Debug|Any CPU
		{7EDB6E22-ED3C-42E7-802C-24961C09328B}.Release|Any CPU.ActiveCfg = Release|Any CPU
		{7EDB6E22-ED3C-42E7-802C-24961C09328B}.Release|Any CPU.Build.0 = Release|Any CPU
	EndGlobalSection
	GlobalSection(SolutionProperties) = preSolution
		HideSolutionNode = FALSE
	EndGlobalSection
	GlobalSection(NestedProjects) = preSolution
		{02750E06-1B1E-47F4-A7BF-480F9C95A28E} = {4C8C74AB-51F3-468C-B2BB-C0622780C363}
		{8D6CF4A6-2A7E-4EF9-8427-E62AC89FB15F} = {4C8C74AB-51F3-468C-B2BB-C0622780C363}
		{84D75373-7822-4B2D-9261-129A1EE0E54B} = {4C8C74AB-51F3-468C-B2BB-C0622780C363}
		{9DEFBA9F-48D9-4ACD-9AD9-132EAE6C85FE} = {4C8C74AB-51F3-468C-B2BB-C0622780C363}
		{1DC7588C-7C34-4BE2-BE0F-E6490FD849FE} = {4C8C74AB-51F3-468C-B2BB-C0622780C363}
		{7EDB6E22-ED3C-42E7-802C-24961C09328B} = {1DC7588C-7C34-4BE2-BE0F-E6490FD849FE}
	EndGlobalSection
	GlobalSection(ExtensibilityGlobals) = postSolution
		SolutionGuid = {B4697B78-2AC0-4CB3-92D2-E58ABB5248CF}
	EndGlobalSection
EndGlobal
